
Microsoft Visual Studio Solution File, Format Version 12.00
# Visual Studio Version 17
VisualStudioVersion = 17.0.31903.59
MinimumVisualStudioVersion = 10.0.40219.1
Project("{FAE04EC0-301F-11D3-BF4B-00C04F79EFBC}") = "A_InheritanceTutorial", "A_InheritanceTutorial\A_InheritanceTutorial.csproj", "{4190D896-FC49-4543-B984-31A6D1A96353}"
EndProject
Project("{FAE04EC0-301F-11D3-BF4B-00C04F79EFBC}") = "B_Inheritance_ChildConstructor", "B_Inheritance_ChildConstructor\B_Inheritance_ChildConstructor.csproj", "{CC64B4F6-2C1D-4F7D-8025-1F078BAC2252}"
EndProject
Project("{FAE04EC0-301F-11D3-BF4B-00C04F79EFBC}") = "C_Inheritance_ParentConstructor", "C_Inheritance_ParentConstructor\C_Inheritance_ParentConstructor.csproj", "{172960AC-0CAC-4C42-BA1D-AD552FD70163}"
EndProject
Project("{FAE04EC0-301F-11D3-BF4B-00C04F79EFBC}") = "D_Inheritance_ParentConstructorOverloading", "D_Inheritance_ParentConstructorOverloading\D_Inheritance_ParentConstructorOverloading.csproj", "{133A6AB2-E75B-4EB0-B33A-A40A7D59BAD1}"
EndProject
Project("{FAE04EC0-301F-11D3-BF4B-00C04F79EFBC}") = "E_Inheritance_Parent=Child", "E_Inheritance_Parent=Child\E_Inheritance_Parent=Child.csproj", "{F2608F71-1D67-4205-A4EB-55ACA3409469}"
EndProject
Project("{FAE04EC0-301F-11D3-BF4B-00C04F79EFBC}") = "F_ConstAndReadOnly", "F_ConstAndReadOnly\F_ConstAndReadOnly.csproj", "{618C3DA2-42AD-433A-839C-1B3473DD1628}"
EndProject
Project("{FAE04EC0-301F-11D3-BF4B-00C04F79EFBC}") = "G_EncapsulationTutorial", "G_EncapsulationTutorial\G_EncapsulationTutorial.csproj", "{75E9F0F8-50B5-455E-8E5C-30C4D8783D28}"
EndProject
Global
	GlobalSection(SolutionConfigurationPlatforms) = preSolution
		Debug|Any CPU = Debug|Any CPU
		Release|Any CPU = Release|Any CPU
	EndGlobalSection
	GlobalSection(SolutionProperties) = preSolution
		HideSolutionNode = FALSE
	EndGlobalSection
	GlobalSection(ProjectConfigurationPlatforms) = postSolution
		{4190D896-FC49-4543-B984-31A6D1A96353}.Debug|Any CPU.ActiveCfg = Debug|Any CPU
		{4190D896-FC49-4543-B984-31A6D1A96353}.Debug|Any CPU.Build.0 = Debug|Any CPU
		{4190D896-FC49-4543-B984-31A6D1A96353}.Release|Any CPU.ActiveCfg = Release|Any CPU
		{4190D896-FC49-4543-B984-31A6D1A96353}.Release|Any CPU.Build.0 = Release|Any CPU
		{CC64B4F6-2C1D-4F7D-8025-1F078BAC2252}.Debug|Any CPU.ActiveCfg = Debug|Any CPU
		{CC64B4F6-2C1D-4F7D-8025-1F078BAC2252}.Debug|Any CPU.Build.0 = Debug|Any CPU
		{CC64B4F6-2C1D-4F7D-8025-1F078BAC2252}.Release|Any CPU.ActiveCfg = Release|Any CPU
		{CC64B4F6-2C1D-4F7D-8025-1F078BAC2252}.Release|Any CPU.Build.0 = Release|Any CPU
		{172960AC-0CAC-4C42-BA1D-AD552FD70163}.Debug|Any CPU.ActiveCfg = Debug|Any CPU
		{172960AC-0CAC-4C42-BA1D-AD552FD70163}.Debug|Any CPU.Build.0 = Debug|Any CPU
		{172960AC-0CAC-4C42-BA1D-AD552FD70163}.Release|Any CPU.ActiveCfg = Release|Any CPU
		{172960AC-0CAC-4C42-BA1D-AD552FD70163}.Release|Any CPU.Build.0 = Release|Any CPU
		{133A6AB2-E75B-4EB0-B33A-A40A7D59BAD1}.Debug|Any CPU.ActiveCfg = Debug|Any CPU
		{133A6AB2-E75B-4EB0-B33A-A40A7D59BAD1}.Debug|Any CPU.Build.0 = Debug|Any CPU
		{133A6AB2-E75B-4EB0-B33A-A40A7D59BAD1}.Release|Any CPU.ActiveCfg = Release|Any CPU
		{133A6AB2-E75B-4EB0-B33A-A40A7D59BAD1}.Release|Any CPU.Build.0 = Release|Any CPU
		{F2608F71-1D67-4205-A4EB-55ACA3409469}.Debug|Any CPU.ActiveCfg = Debug|Any CPU
		{F2608F71-1D67-4205-A4EB-55ACA3409469}.Debug|Any CPU.Build.0 = Debug|Any CPU
		{F2608F71-1D67-4205-A4EB-55ACA3409469}.Release|Any CPU.ActiveCfg = Release|Any CPU
		{F2608F71-1D67-4205-A4EB-55ACA3409469}.Release|Any CPU.Build.0 = Release|Any CPU
		{618C3DA2-42AD-433A-839C-1B3473DD1628}.Debug|Any CPU.ActiveCfg = Debug|Any CPU
		{618C3DA2-42AD-433A-839C-1B3473DD1628}.Debug|Any CPU.Build.0 = Debug|Any CPU
		{618C3DA2-42AD-433A-839C-1B3473DD1628}.Release|Any CPU.ActiveCfg = Release|Any CPU
		{618C3DA2-42AD-433A-839C-1B3473DD1628}.Release|Any CPU.Build.0 = Release|Any CPU
		{75E9F0F8-50B5-455E-8E5C-30C4D8783D28}.Debug|Any CPU.ActiveCfg = Debug|Any CPU
		{75E9F0F8-50B5-455E-8E5C-30C4D8783D28}.Debug|Any CPU.Build.0 = Debug|Any CPU
		{75E9F0F8-50B5-455E-8E5C-30C4D8783D28}.Release|Any CPU.ActiveCfg = Release|Any CPU
		{75E9F0F8-50B5-455E-8E5C-30C4D8783D28}.Release|Any CPU.Build.0 = Release|Any CPU
	EndGlobalSection
EndGlobal
