
Microsoft Visual Studio Solution File, Format Version 12.00
# Visual Studio Version 17
VisualStudioVersion = 17.5.002.0
MinimumVisualStudioVersion = 10.0.40219.1
Project("{9A19103F-16F7-4668-BE54-9A1E7A4F7556}") = "Day-1", "Week-1\Day-1\Day-1.csproj", "{F5D92578-E1BE-4C9B-AF78-7970E6022E6F}"
EndProject
Project("{FAE04EC0-301F-11D3-BF4B-00C04F79EFBC}") = "Day-2", "Week-1\Day-2\Day-2.csproj", "{C59E6B35-357B-4FF3-823D-3ABE9E99EB81}"
EndProject
Project("{2150E333-8FDC-42A3-9474-1A3956D46DE8}") = "Week-1", "Week-1", "{5F4B7BEF-036A-4BB3-9235-CEA9587F7ABD}"
EndProject
Project("{FAE04EC0-301F-11D3-BF4B-00C04F79EFBC}") = "Dumper", "Dumper\Dumper.csproj", "{788EACF9-2405-4A62-A396-53A953F441F3}"
EndProject
Project("{FAE04EC0-301F-11D3-BF4B-00C04F79EFBC}") = "FooBar", "FooBar\FooBar.csproj", "{4DF6C77A-00FC-46A6-9108-EE030FAEF973}"
EndProject
Global
	GlobalSection(SolutionConfigurationPlatforms) = preSolution
		Debug|Any CPU = Debug|Any CPU
		Release|Any CPU = Release|Any CPU
	EndGlobalSection
	GlobalSection(ProjectConfigurationPlatforms) = postSolution
		{F5D92578-E1BE-4C9B-AF78-7970E6022E6F}.Debug|Any CPU.ActiveCfg = Debug|Any CPU
		{F5D92578-E1BE-4C9B-AF78-7970E6022E6F}.Debug|Any CPU.Build.0 = Debug|Any CPU
		{F5D92578-E1BE-4C9B-AF78-7970E6022E6F}.Release|Any CPU.ActiveCfg = Release|Any CPU
		{F5D92578-E1BE-4C9B-AF78-7970E6022E6F}.Release|Any CPU.Build.0 = Release|Any CPU
		{C59E6B35-357B-4FF3-823D-3ABE9E99EB81}.Debug|Any CPU.ActiveCfg = Debug|Any CPU
		{C59E6B35-357B-4FF3-823D-3ABE9E99EB81}.Debug|Any CPU.Build.0 = Debug|Any CPU
		{C59E6B35-357B-4FF3-823D-3ABE9E99EB81}.Release|Any CPU.ActiveCfg = Release|Any CPU
		{C59E6B35-357B-4FF3-823D-3ABE9E99EB81}.Release|Any CPU.Build.0 = Release|Any CPU
		{788EACF9-2405-4A62-A396-53A953F441F3}.Debug|Any CPU.ActiveCfg = Debug|Any CPU
		{788EACF9-2405-4A62-A396-53A953F441F3}.Debug|Any CPU.Build.0 = Debug|Any CPU
		{788EACF9-2405-4A62-A396-53A953F441F3}.Release|Any CPU.ActiveCfg = Release|Any CPU
		{788EACF9-2405-4A62-A396-53A953F441F3}.Release|Any CPU.Build.0 = Release|Any CPU
		{4DF6C77A-00FC-46A6-9108-EE030FAEF973}.Debug|Any CPU.ActiveCfg = Debug|Any CPU
		{4DF6C77A-00FC-46A6-9108-EE030FAEF973}.Debug|Any CPU.Build.0 = Debug|Any CPU
		{4DF6C77A-00FC-46A6-9108-EE030FAEF973}.Release|Any CPU.ActiveCfg = Release|Any CPU
		{4DF6C77A-00FC-46A6-9108-EE030FAEF973}.Release|Any CPU.Build.0 = Release|Any CPU
	EndGlobalSection
	GlobalSection(SolutionProperties) = preSolution
		HideSolutionNode = FALSE
	EndGlobalSection
	GlobalSection(ExtensibilityGlobals) = postSolution
		SolutionGuid = {353819D9-AA91-457A-BE78-66031E29F0C8}
	EndGlobalSection
	GlobalSection(NestedProjects) = preSolution
		{C59E6B35-357B-4FF3-823D-3ABE9E99EB81} = {5F4B7BEF-036A-4BB3-9235-CEA9587F7ABD}
		{F5D92578-E1BE-4C9B-AF78-7970E6022E6F} = {5F4B7BEF-036A-4BB3-9235-CEA9587F7ABD}
	EndGlobalSection
EndGlobal
