
Microsoft Visual Studio Solution File, Format Version 12.00
# Visual Studio Version 17
VisualStudioVersion = 17.0.31903.59
MinimumVisualStudioVersion = 10.0.40219.1
Project("{FAE04EC0-301F-11D3-BF4B-00C04F79EFBC}") = "MarvelSnapProject", "MarvelSnapProject\MarvelSnapProject.csproj", "{11086C05-D512-4E3C-8F35-9E62C7E1F64C}"
EndProject
Project("{FAE04EC0-301F-11D3-BF4B-00C04F79EFBC}") = "MarvelSnapProject.Test", "MarvelSnapProject.Test\MarvelSnapProject.Test.csproj", "{CFBB9392-989C-4DB5-B47B-ADEB46AB8358}"
EndProject
Global
	GlobalSection(SolutionConfigurationPlatforms) = preSolution
		Debug|Any CPU = Debug|Any CPU
		Release|Any CPU = Release|Any CPU
	EndGlobalSection
	GlobalSection(SolutionProperties) = preSolution
		HideSolutionNode = FALSE
	EndGlobalSection
	GlobalSection(ProjectConfigurationPlatforms) = postSolution
		{11086C05-D512-4E3C-8F35-9E62C7E1F64C}.Debug|Any CPU.ActiveCfg = Debug|Any CPU
		{11086C05-D512-4E3C-8F35-9E62C7E1F64C}.Debug|Any CPU.Build.0 = Debug|Any CPU
		{11086C05-D512-4E3C-8F35-9E62C7E1F64C}.Release|Any CPU.ActiveCfg = Release|Any CPU
		{11086C05-D512-4E3C-8F35-9E62C7E1F64C}.Release|Any CPU.Build.0 = Release|Any CPU
		{CFBB9392-989C-4DB5-B47B-ADEB46AB8358}.Debug|Any CPU.ActiveCfg = Debug|Any CPU
		{CFBB9392-989C-4DB5-B47B-ADEB46AB8358}.Debug|Any CPU.Build.0 = Debug|Any CPU
		{CFBB9392-989C-4DB5-B47B-ADEB46AB8358}.Release|Any CPU.ActiveCfg = Release|Any CPU
		{CFBB9392-989C-4DB5-B47B-ADEB46AB8358}.Release|Any CPU.Build.0 = Release|Any CPU
	EndGlobalSection
EndGlobal
