
Microsoft Visual Studio Solution File, Format Version 12.00
# Visual Studio Version 17
VisualStudioVersion = 17.0.31903.59
MinimumVisualStudioVersion = 10.0.40219.1
Project("{FAE04EC0-301F-11D3-BF4B-00C04F79EFBC}") = "A_ValueType", "A_ValueType\A_ValueType.csproj", "{26FC38F5-8A66-49EA-A061-6BB719288C41}"
EndProject
Project("{FAE04EC0-301F-11D3-BF4B-00C04F79EFBC}") = "B_ReferenceType", "B_ReferenceType\B_ReferenceType.csproj", "{898D6632-1912-41D3-AD1C-FAC79D59511F}"
EndProject
Project("{FAE04EC0-301F-11D3-BF4B-00C04F79EFBC}") = "C_MutableImmutable", "C_MutableImmutable\C_MutableImmutable.csproj", "{3BCD82F6-CFEE-48E6-9021-B4EF8F4088AD}"
EndProject
Project("{FAE04EC0-301F-11D3-BF4B-00C04F79EFBC}") = "D_String", "D_String\D_String.csproj", "{2C426358-B787-41DE-8E90-2B5278AD5BEB}"
EndProject
Project("{FAE04EC0-301F-11D3-BF4B-00C04F79EFBC}") = "E_StringBuilder", "E_StringBuilder\E_StringBuilder.csproj", "{8410E200-71AD-4B63-8BA7-A311C8903EA0}"
EndProject
Project("{FAE04EC0-301F-11D3-BF4B-00C04F79EFBC}") = "F_Example_StackOverflowException", "F_Example_StackOverflowException\F_Example_StackOverflowException.csproj", "{136EEBC3-7D55-4B27-935E-32C7BFD96377}"
EndProject
Project("{FAE04EC0-301F-11D3-BF4B-00C04F79EFBC}") = "G_UpcastDowncastExplicitImplicit", "G_UpcastDowncastExplicitImplicit\G_UpcastDowncastExplicitImplicit.csproj", "{685CD93A-7A0C-4ACD-A1B3-B9A730A07F42}"
EndProject
Project("{FAE04EC0-301F-11D3-BF4B-00C04F79EFBC}") = "H_ChildParentChild", "H_ChildParentChild\H_ChildParentChild.csproj", "{EBCF031E-43A7-4C21-A23B-53064E5E8BA7}"
EndProject
Project("{FAE04EC0-301F-11D3-BF4B-00C04F79EFBC}") = "I_ExampleOfGameController", "I_ExampleOfGameController\I_ExampleOfGameController.csproj", "{CF02E2FE-13CD-44A3-97D5-A18E81A49892}"
EndProject
Project("{FAE04EC0-301F-11D3-BF4B-00C04F79EFBC}") = "J_ExampleOfGameController2", "J_ExampleOfGameController2\J_ExampleOfGameController2.csproj", "{52708B26-D5E0-4559-9DD6-CCBCE6E6DADA}"
EndProject
Global
	GlobalSection(SolutionConfigurationPlatforms) = preSolution
		Debug|Any CPU = Debug|Any CPU
		Release|Any CPU = Release|Any CPU
	EndGlobalSection
	GlobalSection(SolutionProperties) = preSolution
		HideSolutionNode = FALSE
	EndGlobalSection
	GlobalSection(ProjectConfigurationPlatforms) = postSolution
		{26FC38F5-8A66-49EA-A061-6BB719288C41}.Debug|Any CPU.ActiveCfg = Debug|Any CPU
		{26FC38F5-8A66-49EA-A061-6BB719288C41}.Debug|Any CPU.Build.0 = Debug|Any CPU
		{26FC38F5-8A66-49EA-A061-6BB719288C41}.Release|Any CPU.ActiveCfg = Release|Any CPU
		{26FC38F5-8A66-49EA-A061-6BB719288C41}.Release|Any CPU.Build.0 = Release|Any CPU
		{898D6632-1912-41D3-AD1C-FAC79D59511F}.Debug|Any CPU.ActiveCfg = Debug|Any CPU
		{898D6632-1912-41D3-AD1C-FAC79D59511F}.Debug|Any CPU.Build.0 = Debug|Any CPU
		{898D6632-1912-41D3-AD1C-FAC79D59511F}.Release|Any CPU.ActiveCfg = Release|Any CPU
		{898D6632-1912-41D3-AD1C-FAC79D59511F}.Release|Any CPU.Build.0 = Release|Any CPU
		{3BCD82F6-CFEE-48E6-9021-B4EF8F4088AD}.Debug|Any CPU.ActiveCfg = Debug|Any CPU
		{3BCD82F6-CFEE-48E6-9021-B4EF8F4088AD}.Debug|Any CPU.Build.0 = Debug|Any CPU
		{3BCD82F6-CFEE-48E6-9021-B4EF8F4088AD}.Release|Any CPU.ActiveCfg = Release|Any CPU
		{3BCD82F6-CFEE-48E6-9021-B4EF8F4088AD}.Release|Any CPU.Build.0 = Release|Any CPU
		{2C426358-B787-41DE-8E90-2B5278AD5BEB}.Debug|Any CPU.ActiveCfg = Debug|Any CPU
		{2C426358-B787-41DE-8E90-2B5278AD5BEB}.Debug|Any CPU.Build.0 = Debug|Any CPU
		{2C426358-B787-41DE-8E90-2B5278AD5BEB}.Release|Any CPU.ActiveCfg = Release|Any CPU
		{2C426358-B787-41DE-8E90-2B5278AD5BEB}.Release|Any CPU.Build.0 = Release|Any CPU
		{8410E200-71AD-4B63-8BA7-A311C8903EA0}.Debug|Any CPU.ActiveCfg = Debug|Any CPU
		{8410E200-71AD-4B63-8BA7-A311C8903EA0}.Debug|Any CPU.Build.0 = Debug|Any CPU
		{8410E200-71AD-4B63-8BA7-A311C8903EA0}.Release|Any CPU.ActiveCfg = Release|Any CPU
		{8410E200-71AD-4B63-8BA7-A311C8903EA0}.Release|Any CPU.Build.0 = Release|Any CPU
		{136EEBC3-7D55-4B27-935E-32C7BFD96377}.Debug|Any CPU.ActiveCfg = Debug|Any CPU
		{136EEBC3-7D55-4B27-935E-32C7BFD96377}.Debug|Any CPU.Build.0 = Debug|Any CPU
		{136EEBC3-7D55-4B27-935E-32C7BFD96377}.Release|Any CPU.ActiveCfg = Release|Any CPU
		{136EEBC3-7D55-4B27-935E-32C7BFD96377}.Release|Any CPU.Build.0 = Release|Any CPU
		{685CD93A-7A0C-4ACD-A1B3-B9A730A07F42}.Debug|Any CPU.ActiveCfg = Debug|Any CPU
		{685CD93A-7A0C-4ACD-A1B3-B9A730A07F42}.Debug|Any CPU.Build.0 = Debug|Any CPU
		{685CD93A-7A0C-4ACD-A1B3-B9A730A07F42}.Release|Any CPU.ActiveCfg = Release|Any CPU
		{685CD93A-7A0C-4ACD-A1B3-B9A730A07F42}.Release|Any CPU.Build.0 = Release|Any CPU
		{EBCF031E-43A7-4C21-A23B-53064E5E8BA7}.Debug|Any CPU.ActiveCfg = Debug|Any CPU
		{EBCF031E-43A7-4C21-A23B-53064E5E8BA7}.Debug|Any CPU.Build.0 = Debug|Any CPU
		{EBCF031E-43A7-4C21-A23B-53064E5E8BA7}.Release|Any CPU.ActiveCfg = Release|Any CPU
		{EBCF031E-43A7-4C21-A23B-53064E5E8BA7}.Release|Any CPU.Build.0 = Release|Any CPU
		{CF02E2FE-13CD-44A3-97D5-A18E81A49892}.Debug|Any CPU.ActiveCfg = Debug|Any CPU
		{CF02E2FE-13CD-44A3-97D5-A18E81A49892}.Debug|Any CPU.Build.0 = Debug|Any CPU
		{CF02E2FE-13CD-44A3-97D5-A18E81A49892}.Release|Any CPU.ActiveCfg = Release|Any CPU
		{CF02E2FE-13CD-44A3-97D5-A18E81A49892}.Release|Any CPU.Build.0 = Release|Any CPU
		{52708B26-D5E0-4559-9DD6-CCBCE6E6DADA}.Debug|Any CPU.ActiveCfg = Debug|Any CPU
		{52708B26-D5E0-4559-9DD6-CCBCE6E6DADA}.Debug|Any CPU.Build.0 = Debug|Any CPU
		{52708B26-D5E0-4559-9DD6-CCBCE6E6DADA}.Release|Any CPU.ActiveCfg = Release|Any CPU
		{52708B26-D5E0-4559-9DD6-CCBCE6E6DADA}.Release|Any CPU.Build.0 = Release|Any CPU
	EndGlobalSection
EndGlobal
