
Microsoft Visual Studio Solution File, Format Version 12.00
# Visual Studio Version 17
VisualStudioVersion = 17.0.31903.59
MinimumVisualStudioVersion = 10.0.40219.1
Project("{FAE04EC0-301F-11D3-BF4B-00C04F79EFBC}") = "A_Object", "A_Object\A_Object.csproj", "{0B15EFA4-9B75-4EDE-9EE3-4E17A34A1B5E}"
EndProject
Project("{FAE04EC0-301F-11D3-BF4B-00C04F79EFBC}") = "B_ImplementationOfObject", "B_ImplementationOfObject\B_ImplementationOfObject.csproj", "{B65D3AA3-5D5B-42BB-8475-492D00AE5737}"
EndProject
Project("{FAE04EC0-301F-11D3-BF4B-00C04F79EFBC}") = "C_Dynamic", "C_Dynamic\C_Dynamic.csproj", "{56B0D4D7-87DE-42A0-89C3-A77804A2AE98}"
EndProject
Project("{FAE04EC0-301F-11D3-BF4B-00C04F79EFBC}") = "D_PatternMatching", "D_PatternMatching\D_PatternMatching.csproj", "{D757C9FF-3CBF-4166-8D7B-97DDD0E5229F}"
EndProject
Project("{FAE04EC0-301F-11D3-BF4B-00C04F79EFBC}") = "E_IsAs", "E_IsAs\E_IsAs.csproj", "{E66606EC-78D2-4416-8B52-9B7E9CFA2097}"
EndProject
Project("{FAE04EC0-301F-11D3-BF4B-00C04F79EFBC}") = "F_OverrideToString", "F_OverrideToString\F_OverrideToString.csproj", "{A8DCE8F6-A288-4CAE-AC68-45F09C29F759}"
EndProject
Project("{FAE04EC0-301F-11D3-BF4B-00C04F79EFBC}") = "G_ObjectWeakness", "G_ObjectWeakness\G_ObjectWeakness.csproj", "{E45AB027-64D5-482C-81C3-9D1B71125B62}"
EndProject
Project("{FAE04EC0-301F-11D3-BF4B-00C04F79EFBC}") = "H_ValueType", "H_ValueType\H_ValueType.csproj", "{91EA2023-E9D9-4EF7-95F9-AC94A3FD1E1B}"
EndProject
Project("{FAE04EC0-301F-11D3-BF4B-00C04F79EFBC}") = "I_ReferenceType", "I_ReferenceType\I_ReferenceType.csproj", "{6F71047B-ECC1-4F04-8D15-66A1A7CD49E0}"
EndProject
Project("{FAE04EC0-301F-11D3-BF4B-00C04F79EFBC}") = "J_Ref", "J_Ref\J_Ref.csproj", "{D546AD88-3C85-49D4-8FE5-0D16A852E5DC}"
EndProject
Project("{FAE04EC0-301F-11D3-BF4B-00C04F79EFBC}") = "K_Out", "K_Out\K_Out.csproj", "{D1E0F0C6-3574-46EB-997C-7DFE80434082}"
EndProject
Project("{FAE04EC0-301F-11D3-BF4B-00C04F79EFBC}") = "L_OutTryParse", "L_OutTryParse\L_OutTryParse.csproj", "{B086316F-3587-4491-85A6-5C107829C972}"
EndProject
Project("{FAE04EC0-301F-11D3-BF4B-00C04F79EFBC}") = "M_In", "M_In\M_In.csproj", "{01811317-3116-48FB-A52B-B0F00D99EF11}"
EndProject
Project("{FAE04EC0-301F-11D3-BF4B-00C04F79EFBC}") = "N_InReference", "N_InReference\N_InReference.csproj", "{06CB1C37-D445-41BB-AE26-0E09041C3633}"
EndProject
Project("{FAE04EC0-301F-11D3-BF4B-00C04F79EFBC}") = "O_Const", "O_Const\O_Const.csproj", "{5192E506-2A5C-4E8F-BAA2-BF7083259BAF}"
EndProject
Project("{FAE04EC0-301F-11D3-BF4B-00C04F79EFBC}") = "P_Static", "P_Static\P_Static.csproj", "{7F880702-F956-4220-9161-276236229C76}"
EndProject
Project("{FAE04EC0-301F-11D3-BF4B-00C04F79EFBC}") = "Q_Static2", "Q_Static2\Q_Static2.csproj", "{A0EC038B-36AE-4850-9549-E79F01B02826}"
EndProject
Project("{FAE04EC0-301F-11D3-BF4B-00C04F79EFBC}") = "R_StaticTrackInstanceCreated", "R_StaticTrackInstanceCreated\R_StaticTrackInstanceCreated.csproj", "{EB20E8F6-9151-4DF2-9947-D0379F466902}"
EndProject
Project("{FAE04EC0-301F-11D3-BF4B-00C04F79EFBC}") = "S_ExtensionMethod", "S_ExtensionMethod\S_ExtensionMethod.csproj", "{03240051-D559-4819-83CA-03D1455FCD4C}"
EndProject
Project("{FAE04EC0-301F-11D3-BF4B-00C04F79EFBC}") = "T_ExtensionMethod", "T_ExtensionMethod\T_ExtensionMethod.csproj", "{F9496ECE-64B6-4DF6-9B17-D71C0B30AF4F}"
EndProject
Project("{FAE04EC0-301F-11D3-BF4B-00C04F79EFBC}") = "U_Property", "U_Property\U_Property.csproj", "{579BD060-60A6-493C-9C2C-E8B8FDB4F974}"
EndProject
Project("{FAE04EC0-301F-11D3-BF4B-00C04F79EFBC}") = "V_PropertyInInterface", "V_PropertyInInterface\V_PropertyInInterface.csproj", "{F34517CD-AE0C-451E-92B2-F07F21030C38}"
EndProject
Global
	GlobalSection(SolutionConfigurationPlatforms) = preSolution
		Debug|Any CPU = Debug|Any CPU
		Release|Any CPU = Release|Any CPU
	EndGlobalSection
	GlobalSection(SolutionProperties) = preSolution
		HideSolutionNode = FALSE
	EndGlobalSection
	GlobalSection(ProjectConfigurationPlatforms) = postSolution
		{0B15EFA4-9B75-4EDE-9EE3-4E17A34A1B5E}.Debug|Any CPU.ActiveCfg = Debug|Any CPU
		{0B15EFA4-9B75-4EDE-9EE3-4E17A34A1B5E}.Debug|Any CPU.Build.0 = Debug|Any CPU
		{0B15EFA4-9B75-4EDE-9EE3-4E17A34A1B5E}.Release|Any CPU.ActiveCfg = Release|Any CPU
		{0B15EFA4-9B75-4EDE-9EE3-4E17A34A1B5E}.Release|Any CPU.Build.0 = Release|Any CPU
		{B65D3AA3-5D5B-42BB-8475-492D00AE5737}.Debug|Any CPU.ActiveCfg = Debug|Any CPU
		{B65D3AA3-5D5B-42BB-8475-492D00AE5737}.Debug|Any CPU.Build.0 = Debug|Any CPU
		{B65D3AA3-5D5B-42BB-8475-492D00AE5737}.Release|Any CPU.ActiveCfg = Release|Any CPU
		{B65D3AA3-5D5B-42BB-8475-492D00AE5737}.Release|Any CPU.Build.0 = Release|Any CPU
		{56B0D4D7-87DE-42A0-89C3-A77804A2AE98}.Debug|Any CPU.ActiveCfg = Debug|Any CPU
		{56B0D4D7-87DE-42A0-89C3-A77804A2AE98}.Debug|Any CPU.Build.0 = Debug|Any CPU
		{56B0D4D7-87DE-42A0-89C3-A77804A2AE98}.Release|Any CPU.ActiveCfg = Release|Any CPU
		{56B0D4D7-87DE-42A0-89C3-A77804A2AE98}.Release|Any CPU.Build.0 = Release|Any CPU
		{D757C9FF-3CBF-4166-8D7B-97DDD0E5229F}.Debug|Any CPU.ActiveCfg = Debug|Any CPU
		{D757C9FF-3CBF-4166-8D7B-97DDD0E5229F}.Debug|Any CPU.Build.0 = Debug|Any CPU
		{D757C9FF-3CBF-4166-8D7B-97DDD0E5229F}.Release|Any CPU.ActiveCfg = Release|Any CPU
		{D757C9FF-3CBF-4166-8D7B-97DDD0E5229F}.Release|Any CPU.Build.0 = Release|Any CPU
		{E66606EC-78D2-4416-8B52-9B7E9CFA2097}.Debug|Any CPU.ActiveCfg = Debug|Any CPU
		{E66606EC-78D2-4416-8B52-9B7E9CFA2097}.Debug|Any CPU.Build.0 = Debug|Any CPU
		{E66606EC-78D2-4416-8B52-9B7E9CFA2097}.Release|Any CPU.ActiveCfg = Release|Any CPU
		{E66606EC-78D2-4416-8B52-9B7E9CFA2097}.Release|Any CPU.Build.0 = Release|Any CPU
		{A8DCE8F6-A288-4CAE-AC68-45F09C29F759}.Debug|Any CPU.ActiveCfg = Debug|Any CPU
		{A8DCE8F6-A288-4CAE-AC68-45F09C29F759}.Debug|Any CPU.Build.0 = Debug|Any CPU
		{A8DCE8F6-A288-4CAE-AC68-45F09C29F759}.Release|Any CPU.ActiveCfg = Release|Any CPU
		{A8DCE8F6-A288-4CAE-AC68-45F09C29F759}.Release|Any CPU.Build.0 = Release|Any CPU
		{E45AB027-64D5-482C-81C3-9D1B71125B62}.Debug|Any CPU.ActiveCfg = Debug|Any CPU
		{E45AB027-64D5-482C-81C3-9D1B71125B62}.Debug|Any CPU.Build.0 = Debug|Any CPU
		{E45AB027-64D5-482C-81C3-9D1B71125B62}.Release|Any CPU.ActiveCfg = Release|Any CPU
		{E45AB027-64D5-482C-81C3-9D1B71125B62}.Release|Any CPU.Build.0 = Release|Any CPU
		{91EA2023-E9D9-4EF7-95F9-AC94A3FD1E1B}.Debug|Any CPU.ActiveCfg = Debug|Any CPU
		{91EA2023-E9D9-4EF7-95F9-AC94A3FD1E1B}.Debug|Any CPU.Build.0 = Debug|Any CPU
		{91EA2023-E9D9-4EF7-95F9-AC94A3FD1E1B}.Release|Any CPU.ActiveCfg = Release|Any CPU
		{91EA2023-E9D9-4EF7-95F9-AC94A3FD1E1B}.Release|Any CPU.Build.0 = Release|Any CPU
		{6F71047B-ECC1-4F04-8D15-66A1A7CD49E0}.Debug|Any CPU.ActiveCfg = Debug|Any CPU
		{6F71047B-ECC1-4F04-8D15-66A1A7CD49E0}.Debug|Any CPU.Build.0 = Debug|Any CPU
		{6F71047B-ECC1-4F04-8D15-66A1A7CD49E0}.Release|Any CPU.ActiveCfg = Release|Any CPU
		{6F71047B-ECC1-4F04-8D15-66A1A7CD49E0}.Release|Any CPU.Build.0 = Release|Any CPU
		{D546AD88-3C85-49D4-8FE5-0D16A852E5DC}.Debug|Any CPU.ActiveCfg = Debug|Any CPU
		{D546AD88-3C85-49D4-8FE5-0D16A852E5DC}.Debug|Any CPU.Build.0 = Debug|Any CPU
		{D546AD88-3C85-49D4-8FE5-0D16A852E5DC}.Release|Any CPU.ActiveCfg = Release|Any CPU
		{D546AD88-3C85-49D4-8FE5-0D16A852E5DC}.Release|Any CPU.Build.0 = Release|Any CPU
		{D1E0F0C6-3574-46EB-997C-7DFE80434082}.Debug|Any CPU.ActiveCfg = Debug|Any CPU
		{D1E0F0C6-3574-46EB-997C-7DFE80434082}.Debug|Any CPU.Build.0 = Debug|Any CPU
		{D1E0F0C6-3574-46EB-997C-7DFE80434082}.Release|Any CPU.ActiveCfg = Release|Any CPU
		{D1E0F0C6-3574-46EB-997C-7DFE80434082}.Release|Any CPU.Build.0 = Release|Any CPU
		{B086316F-3587-4491-85A6-5C107829C972}.Debug|Any CPU.ActiveCfg = Debug|Any CPU
		{B086316F-3587-4491-85A6-5C107829C972}.Debug|Any CPU.Build.0 = Debug|Any CPU
		{B086316F-3587-4491-85A6-5C107829C972}.Release|Any CPU.ActiveCfg = Release|Any CPU
		{B086316F-3587-4491-85A6-5C107829C972}.Release|Any CPU.Build.0 = Release|Any CPU
		{01811317-3116-48FB-A52B-B0F00D99EF11}.Debug|Any CPU.ActiveCfg = Debug|Any CPU
		{01811317-3116-48FB-A52B-B0F00D99EF11}.Debug|Any CPU.Build.0 = Debug|Any CPU
		{01811317-3116-48FB-A52B-B0F00D99EF11}.Release|Any CPU.ActiveCfg = Release|Any CPU
		{01811317-3116-48FB-A52B-B0F00D99EF11}.Release|Any CPU.Build.0 = Release|Any CPU
		{06CB1C37-D445-41BB-AE26-0E09041C3633}.Debug|Any CPU.ActiveCfg = Debug|Any CPU
		{06CB1C37-D445-41BB-AE26-0E09041C3633}.Debug|Any CPU.Build.0 = Debug|Any CPU
		{06CB1C37-D445-41BB-AE26-0E09041C3633}.Release|Any CPU.ActiveCfg = Release|Any CPU
		{06CB1C37-D445-41BB-AE26-0E09041C3633}.Release|Any CPU.Build.0 = Release|Any CPU
		{5192E506-2A5C-4E8F-BAA2-BF7083259BAF}.Debug|Any CPU.ActiveCfg = Debug|Any CPU
		{5192E506-2A5C-4E8F-BAA2-BF7083259BAF}.Debug|Any CPU.Build.0 = Debug|Any CPU
		{5192E506-2A5C-4E8F-BAA2-BF7083259BAF}.Release|Any CPU.ActiveCfg = Release|Any CPU
		{5192E506-2A5C-4E8F-BAA2-BF7083259BAF}.Release|Any CPU.Build.0 = Release|Any CPU
		{7F880702-F956-4220-9161-276236229C76}.Debug|Any CPU.ActiveCfg = Debug|Any CPU
		{7F880702-F956-4220-9161-276236229C76}.Debug|Any CPU.Build.0 = Debug|Any CPU
		{7F880702-F956-4220-9161-276236229C76}.Release|Any CPU.ActiveCfg = Release|Any CPU
		{7F880702-F956-4220-9161-276236229C76}.Release|Any CPU.Build.0 = Release|Any CPU
		{A0EC038B-36AE-4850-9549-E79F01B02826}.Debug|Any CPU.ActiveCfg = Debug|Any CPU
		{A0EC038B-36AE-4850-9549-E79F01B02826}.Debug|Any CPU.Build.0 = Debug|Any CPU
		{A0EC038B-36AE-4850-9549-E79F01B02826}.Release|Any CPU.ActiveCfg = Release|Any CPU
		{A0EC038B-36AE-4850-9549-E79F01B02826}.Release|Any CPU.Build.0 = Release|Any CPU
		{EB20E8F6-9151-4DF2-9947-D0379F466902}.Debug|Any CPU.ActiveCfg = Debug|Any CPU
		{EB20E8F6-9151-4DF2-9947-D0379F466902}.Debug|Any CPU.Build.0 = Debug|Any CPU
		{EB20E8F6-9151-4DF2-9947-D0379F466902}.Release|Any CPU.ActiveCfg = Release|Any CPU
		{EB20E8F6-9151-4DF2-9947-D0379F466902}.Release|Any CPU.Build.0 = Release|Any CPU
		{03240051-D559-4819-83CA-03D1455FCD4C}.Debug|Any CPU.ActiveCfg = Debug|Any CPU
		{03240051-D559-4819-83CA-03D1455FCD4C}.Debug|Any CPU.Build.0 = Debug|Any CPU
		{03240051-D559-4819-83CA-03D1455FCD4C}.Release|Any CPU.ActiveCfg = Release|Any CPU
		{03240051-D559-4819-83CA-03D1455FCD4C}.Release|Any CPU.Build.0 = Release|Any CPU
		{F9496ECE-64B6-4DF6-9B17-D71C0B30AF4F}.Debug|Any CPU.ActiveCfg = Debug|Any CPU
		{F9496ECE-64B6-4DF6-9B17-D71C0B30AF4F}.Debug|Any CPU.Build.0 = Debug|Any CPU
		{F9496ECE-64B6-4DF6-9B17-D71C0B30AF4F}.Release|Any CPU.ActiveCfg = Release|Any CPU
		{F9496ECE-64B6-4DF6-9B17-D71C0B30AF4F}.Release|Any CPU.Build.0 = Release|Any CPU
		{579BD060-60A6-493C-9C2C-E8B8FDB4F974}.Debug|Any CPU.ActiveCfg = Debug|Any CPU
		{579BD060-60A6-493C-9C2C-E8B8FDB4F974}.Debug|Any CPU.Build.0 = Debug|Any CPU
		{579BD060-60A6-493C-9C2C-E8B8FDB4F974}.Release|Any CPU.ActiveCfg = Release|Any CPU
		{579BD060-60A6-493C-9C2C-E8B8FDB4F974}.Release|Any CPU.Build.0 = Release|Any CPU
		{F34517CD-AE0C-451E-92B2-F07F21030C38}.Debug|Any CPU.ActiveCfg = Debug|Any CPU
		{F34517CD-AE0C-451E-92B2-F07F21030C38}.Debug|Any CPU.Build.0 = Debug|Any CPU
		{F34517CD-AE0C-451E-92B2-F07F21030C38}.Release|Any CPU.ActiveCfg = Release|Any CPU
		{F34517CD-AE0C-451E-92B2-F07F21030C38}.Release|Any CPU.Build.0 = Release|Any CPU
	EndGlobalSection
EndGlobal
